// !$*UTF8*$!
{
	archiveVersion = 1;
	classes = {
	};
	objectVersion = 56;
	objects = {

/* Begin PBXBuildFile section */
		2DFEA6832AC85A2D00AE40C4 /* AppDelegate.swift in Sources */ = {isa = PBXBuildFile; fileRef = 2DFEA6822AC85A2D00AE40C4 /* AppDelegate.swift */; };
		2DFEA6852AC85A2D00AE40C4 /* SceneDelegate.swift in Sources */ = {isa = PBXBuildFile; fileRef = 2DFEA6842AC85A2D00AE40C4 /* SceneDelegate.swift */; };
		2DFEA6872AC85A2D00AE40C4 /* ViewController.swift in Sources */ = {isa = PBXBuildFile; fileRef = 2DFEA6862AC85A2D00AE40C4 /* ViewController.swift */; };
		2DFEA68A2AC85A2D00AE40C4 /* Main.storyboard in Resources */ = {isa = PBXBuildFile; fileRef = 2DFEA6882AC85A2D00AE40C4 /* Main.storyboard */; };
		2DFEA68C2AC85A3200AE40C4 /* Assets.xcassets in Resources */ = {isa = PBXBuildFile; fileRef = 2DFEA68B2AC85A3200AE40C4 /* Assets.xcassets */; };
		2DFEA68F2AC85A3200AE40C4 /* LaunchScreen.storyboard in Resources */ = {isa = PBXBuildFile; fileRef = 2DFEA68D2AC85A3200AE40C4 /* LaunchScreen.storyboard */; };
		2DFEA69A2AC85A3200AE40C4 /* Lab_04Tests.swift in Sources */ = {isa = PBXBuildFile; fileRef = 2DFEA6992AC85A3200AE40C4 /* Lab_04Tests.swift */; };
		2DFEA6A42AC85A3200AE40C4 /* Lab_04UITests.swift in Sources */ = {isa = PBXBuildFile; fileRef = 2DFEA6A32AC85A3200AE40C4 /* Lab_04UITests.swift */; };
		2DFEA6A62AC85A3200AE40C4 /* Lab_04UITestsLaunchTests.swift in Sources */ = {isa = PBXBuildFile; fileRef = 2DFEA6A52AC85A3200AE40C4 /* Lab_04UITestsLaunchTests.swift */; };
/* End PBXBuildFile section */

/* Begin PBXContainerItemProxy section */
		2DFEA6962AC85A3200AE40C4 /* PBXContainerItemProxy */ = {
			isa = PBXContainerItemProxy;
			containerPortal = 2DFEA6772AC85A2D00AE40C4 /* Project object */;
			proxyType = 1;
			remoteGlobalIDString = 2DFEA67E2AC85A2D00AE40C4;
			remoteInfo = Lab_04;
		};
		2DFEA6A02AC85A3200AE40C4 /* PBXContainerItemProxy */ = {
			isa = PBXContainerItemProxy;
			containerPortal = 2DFEA6772AC85A2D00AE40C4 /* Project object */;
			proxyType = 1;
			remoteGlobalIDString = 2DFEA67E2AC85A2D00AE40C4;
			remoteInfo = Lab_04;
		};
/* End PBXContainerItemProxy section */

/* Begin PBXFileReference section */
		2DFEA67F2AC85A2D00AE40C4 /* Lab_04.app */ = {isa = PBXFileReference; explicitFileType = wrapper.application; includeInIndex = 0; path = Lab_04.app; sourceTree = BUILT_PRODUCTS_DIR; };
		2DFEA6822AC85A2D00AE40C4 /* AppDelegate.swift */ = {isa = PBXFileReference; lastKnownFileType = sourcecode.swift; path = AppDelegate.swift; sourceTree = "<group>"; };
		2DFEA6842AC85A2D00AE40C4 /* SceneDelegate.swift */ = {isa = PBXFileReference; lastKnownFileType = sourcecode.swift; path = SceneDelegate.swift; sourceTree = "<group>"; };
		2DFEA6862AC85A2D00AE40C4 /* ViewController.swift */ = {isa = PBXFileReference; lastKnownFileType = sourcecode.swift; path = ViewController.swift; sourceTree = "<group>"; };
		2DFEA6892AC85A2D00AE40C4 /* Base */ = {isa = PBXFileReference; lastKnownFileType = file.storyboard; name = Base; path = Base.lproj/Main.storyboard; sourceTree = "<group>"; };
		2DFEA68B2AC85A3200AE40C4 /* Assets.xcassets */ = {isa = PBXFileReference; lastKnownFileType = folder.assetcatalog; path = Assets.xcassets; sourceTree = "<group>"; };
		2DFEA68E2AC85A3200AE40C4 /* Base */ = {isa = PBXFileReference; lastKnownFileType = file.storyboard; name = Base; path = Base.lproj/LaunchScreen.storyboard; sourceTree = "<group>"; };
		2DFEA6902AC85A3200AE40C4 /* Info.plist */ = {isa = PBXFileReference; lastKnownFileType = text.plist.xml; path = Info.plist; sourceTree = "<group>"; };
		2DFEA6952AC85A3200AE40C4 /* Lab_04Tests.xctest */ = {isa = PBXFileReference; explicitFileType = wrapper.cfbundle; includeInIndex = 0; path = Lab_04Tests.xctest; sourceTree = BUILT_PRODUCTS_DIR; };
		2DFEA6992AC85A3200AE40C4 /* Lab_04Tests.swift */ = {isa = PBXFileReference; lastKnownFileType = sourcecode.swift; path = Lab_04Tests.swift; sourceTree = "<group>"; };
		2DFEA69F2AC85A3200AE40C4 /* Lab_04UITests.xctest */ = {isa = PBXFileReference; explicitFileType = wrapper.cfbundle; includeInIndex = 0; path = Lab_04UITests.xctest; sourceTree = BUILT_PRODUCTS_DIR; };
		2DFEA6A32AC85A3200AE40C4 /* Lab_04UITests.swift */ = {isa = PBXFileReference; lastKnownFileType = sourcecode.swift; path = Lab_04UITests.swift; sourceTree = "<group>"; };
		2DFEA6A52AC85A3200AE40C4 /* Lab_04UITestsLaunchTests.swift */ = {isa = PBXFileReference; lastKnownFileType = sourcecode.swift; path = Lab_04UITestsLaunchTests.swift; sourceTree = "<group>"; };
/* End PBXFileReference section */

/* Begin PBXFrameworksBuildPhase section */
		2DFEA67C2AC85A2D00AE40C4 /* Frameworks */ = {
			isa = PBXFrameworksBuildPhase;
			buildActionMask = 2147483647;
			files = (
			);
			runOnlyForDeploymentPostprocessing = 0;
		};
		2DFEA6922AC85A3200AE40C4 /* Frameworks */ = {
			isa = PBXFrameworksBuildPhase;
			buildActionMask = 2147483647;
			files = (
			);
			runOnlyForDeploymentPostprocessing = 0;
		};
		2DFEA69C2AC85A3200AE40C4 /* Frameworks */ = {
			isa = PBXFrameworksBuildPhase;
			buildActionMask = 2147483647;
			files = (
			);
			runOnlyForDeploymentPostprocessing = 0;
		};
/* End PBXFrameworksBuildPhase section */

/* Begin PBXGroup section */
		2DFEA6762AC85A2D00AE40C4 = {
			isa = PBXGroup;
			children = (
				2DFEA6812AC85A2D00AE40C4 /* Lab_04 */,
				2DFEA6982AC85A3200AE40C4 /* Lab_04Tests */,
				2DFEA6A22AC85A3200AE40C4 /* Lab_04UITests */,
				2DFEA6802AC85A2D00AE40C4 /* Products */,
			);
			sourceTree = "<group>";
		};
		2DFEA6802AC85A2D00AE40C4 /* Products */ = {
			isa = PBXGroup;
			children = (
				2DFEA67F2AC85A2D00AE40C4 /* Lab_04.app */,
				2DFEA6952AC85A3200AE40C4 /* Lab_04Tests.xctest */,
				2DFEA69F2AC85A3200AE40C4 /* Lab_04UITests.xctest */,
			);
			name = Products;
			sourceTree = "<group>";
		};
		2DFEA6812AC85A2D00AE40C4 /* Lab_04 */ = {
			isa = PBXGroup;
			children = (
				2DFEA6822AC85A2D00AE40C4 /* AppDelegate.swift */,
				2DFEA6842AC85A2D00AE40C4 /* SceneDelegate.swift */,
				2DFEA6862AC85A2D00AE40C4 /* ViewController.swift */,
				2DFEA6882AC85A2D00AE40C4 /* Main.storyboard */,
				2DFEA68B2AC85A3200AE40C4 /* Assets.xcassets */,
				2DFEA68D2AC85A3200AE40C4 /* LaunchScreen.storyboard */,
				2DFEA6902AC85A3200AE40C4 /* Info.plist */,
			);
			path = Lab_04;
			sourceTree = "<group>";
		};
		2DFEA6982AC85A3200AE40C4 /* Lab_04Tests */ = {
			isa = PBXGroup;
			children = (
				2DFEA6992AC85A3200AE40C4 /* Lab_04Tests.swift */,
			);
			path = Lab_04Tests;
			sourceTree = "<group>";
		};
		2DFEA6A22AC85A3200AE40C4 /* Lab_04UITests */ = {
			isa = PBXGroup;
			children = (
				2DFEA6A32AC85A3200AE40C4 /* Lab_04UITests.swift */,
				2DFEA6A52AC85A3200AE40C4 /* Lab_04UITestsLaunchTests.swift */,
			);
			path = Lab_04UITests;
			sourceTree = "<group>";
		};
/* End PBXGroup section */

/* Begin PBXNativeTarget section */
		2DFEA67E2AC85A2D00AE40C4 /* Lab_04 */ = {
			isa = PBXNativeTarget;
			buildConfigurationList = 2DFEA6A92AC85A3200AE40C4 /* Build configuration list for PBXNativeTarget "Lab_04" */;
			buildPhases = (
				2DFEA67B2AC85A2D00AE40C4 /* Sources */,
				2DFEA67C2AC85A2D00AE40C4 /* Frameworks */,
				2DFEA67D2AC85A2D00AE40C4 /* Resources */,
			);
			buildRules = (
			);
			dependencies = (
			);
			name = Lab_04;
			productName = Lab_04;
			productReference = 2DFEA67F2AC85A2D00AE40C4 /* Lab_04.app */;
			productType = "com.apple.product-type.application";
		};
		2DFEA6942AC85A3200AE40C4 /* Lab_04Tests */ = {
			isa = PBXNativeTarget;
			buildConfigurationList = 2DFEA6AC2AC85A3200AE40C4 /* Build configuration list for PBXNativeTarget "Lab_04Tests" */;
			buildPhases = (
				2DFEA6912AC85A3200AE40C4 /* Sources */,
				2DFEA6922AC85A3200AE40C4 /* Frameworks */,
				2DFEA6932AC85A3200AE40C4 /* Resources */,
			);
			buildRules = (
			);
			dependencies = (
				2DFEA6972AC85A3200AE40C4 /* PBXTargetDependency */,
			);
			name = Lab_04Tests;
			productName = Lab_04Tests;
			productReference = 2DFEA6952AC85A3200AE40C4 /* Lab_04Tests.xctest */;
			productType = "com.apple.product-type.bundle.unit-test";
		};
		2DFEA69E2AC85A3200AE40C4 /* Lab_04UITests */ = {
			isa = PBXNativeTarget;
			buildConfigurationList = 2DFEA6AF2AC85A3200AE40C4 /* Build configuration list for PBXNativeTarget "Lab_04UITests" */;
			buildPhases = (
				2DFEA69B2AC85A3200AE40C4 /* Sources */,
				2DFEA69C2AC85A3200AE40C4 /* Frameworks */,
				2DFEA69D2AC85A3200AE40C4 /* Resources */,
			);
			buildRules = (
			);
			dependencies = (
				2DFEA6A12AC85A3200AE40C4 /* PBXTargetDependency */,
			);
			name = Lab_04UITests;
			productName = Lab_04UITests;
			productReference = 2DFEA69F2AC85A3200AE40C4 /* Lab_04UITests.xctest */;
			productType = "com.apple.product-type.bundle.ui-testing";
		};
/* End PBXNativeTarget section */

/* Begin PBXProject section */
		2DFEA6772AC85A2D00AE40C4 /* Project object */ = {
			isa = PBXProject;
			attributes = {
				BuildIndependentTargetsInParallel = 1;
				LastSwiftUpdateCheck = 1420;
				LastUpgradeCheck = 1420;
				TargetAttributes = {
					2DFEA67E2AC85A2D00AE40C4 = {
						CreatedOnToolsVersion = 14.2;
					};
					2DFEA6942AC85A3200AE40C4 = {
						CreatedOnToolsVersion = 14.2;
						TestTargetID = 2DFEA67E2AC85A2D00AE40C4;
					};
					2DFEA69E2AC85A3200AE40C4 = {
						CreatedOnToolsVersion = 14.2;
						TestTargetID = 2DFEA67E2AC85A2D00AE40C4;
					};
				};
			};
			buildConfigurationList = 2DFEA67A2AC85A2D00AE40C4 /* Build configuration list for PBXProject "Lab_04" */;
			compatibilityVersion = "Xcode 14.0";
			developmentRegion = en;
			hasScannedForEncodings = 0;
			knownRegions = (
				en,
				Base,
			);
			mainGroup = 2DFEA6762AC85A2D00AE40C4;
			productRefGroup = 2DFEA6802AC85A2D00AE40C4 /* Products */;
			projectDirPath = "";
			projectRoot = "";
			targets = (
				2DFEA67E2AC85A2D00AE40C4 /* Lab_04 */,
				2DFEA6942AC85A3200AE40C4 /* Lab_04Tests */,
				2DFEA69E2AC85A3200AE40C4 /* Lab_04UITests */,
			);
		};
/* End PBXProject section */

/* Begin PBXResourcesBuildPhase section */
		2DFEA67D2AC85A2D00AE40C4 /* Resources */ = {
			isa = PBXResourcesBuildPhase;
			buildActionMask = 2147483647;
			files = (
				2DFEA68F2AC85A3200AE40C4 /* LaunchScreen.storyboard in Resources */,
				2DFEA68C2AC85A3200AE40C4 /* Assets.xcassets in Resources */,
				2DFEA68A2AC85A2D00AE40C4 /* Main.storyboard in Resources */,
			);
			runOnlyForDeploymentPostprocessing = 0;
		};
		2DFEA6932AC85A3200AE40C4 /* Resources */ = {
			isa = PBXResourcesBuildPhase;
			buildActionMask = 2147483647;
			files = (
			);
			runOnlyForDeploymentPostprocessing = 0;
		};
		2DFEA69D2AC85A3200AE40C4 /* Resources */ = {
			isa = PBXResourcesBuildPhase;
			buildActionMask = 2147483647;
			files = (
			);
			runOnlyForDeploymentPostprocessing = 0;
		};
/* End PBXResourcesBuildPhase section */

/* Begin PBXSourcesBuildPhase section */
		2DFEA67B2AC85A2D00AE40C4 /* Sources */ = {
			isa = PBXSourcesBuildPhase;
			buildActionMask = 2147483647;
			files = (
				2DFEA6872AC85A2D00AE40C4 /* ViewController.swift in Sources */,
				2DFEA6832AC85A2D00AE40C4 /* AppDelegate.swift in Sources */,
				2DFEA6852AC85A2D00AE40C4 /* SceneDelegate.swift in Sources */,
			);
			runOnlyForDeploymentPostprocessing = 0;
		};
		2DFEA6912AC85A3200AE40C4 /* Sources */ = {
			isa = PBXSourcesBuildPhase;
			buildActionMask = 2147483647;
			files = (
				2DFEA69A2AC85A3200AE40C4 /* Lab_04Tests.swift in Sources */,
			);
			runOnlyForDeploymentPostprocessing = 0;
		};
		2DFEA69B2AC85A3200AE40C4 /* Sources */ = {
			isa = PBXSourcesBuildPhase;
			buildActionMask = 2147483647;
			files = (
				2DFEA6A62AC85A3200AE40C4 /* Lab_04UITestsLaunchTests.swift in Sources */,
				2DFEA6A42AC85A3200AE40C4 /* Lab_04UITests.swift in Sources */,
			);
			runOnlyForDeploymentPostprocessing = 0;
		};
/* End PBXSourcesBuildPhase section */

/* Begin PBXTargetDependency section */
		2DFEA6972AC85A3200AE40C4 /* PBXTargetDependency */ = {
			isa = PBXTargetDependency;
			target = 2DFEA67E2AC85A2D00AE40C4 /* Lab_04 */;
			targetProxy = 2DFEA6962AC85A3200AE40C4 /* PBXContainerItemProxy */;
		};
		2DFEA6A12AC85A3200AE40C4 /* PBXTargetDependency */ = {
			isa = PBXTargetDependency;
			target = 2DFEA67E2AC85A2D00AE40C4 /* Lab_04 */;
			targetProxy = 2DFEA6A02AC85A3200AE40C4 /* PBXContainerItemProxy */;
		};
/* End PBXTargetDependency section */

/* Begin PBXVariantGroup section */
		2DFEA6882AC85A2D00AE40C4 /* Main.storyboard */ = {
			isa = PBXVariantGroup;
			children = (
				2DFEA6892AC85A2D00AE40C4 /* Base */,
			);
			name = Main.storyboard;
			sourceTree = "<group>";
		};
		2DFEA68D2AC85A3200AE40C4 /* LaunchScreen.storyboard */ = {
			isa = PBXVariantGroup;
			children = (
				2DFEA68E2AC85A3200AE40C4 /* Base */,
			);
			name = LaunchScreen.storyboard;
			sourceTree = "<group>";
		};
/* End PBXVariantGroup section */

/* Begin XCBuildConfiguration section */
		2DFEA6A72AC85A3200AE40C4 /* Debug */ = {
			isa = XCBuildConfiguration;
			buildSettings = {
				ALWAYS_SEARCH_USER_PATHS = NO;
				CLANG_ANALYZER_NONNULL = YES;
				CLANG_ANALYZER_NUMBER_OBJECT_CONVERSION = YES_AGGRESSIVE;
				CLANG_CXX_LANGUAGE_STANDARD = "gnu++20";
				CLANG_ENABLE_MODULES = YES;
				CLANG_ENABLE_OBJC_ARC = YES;
				CLANG_ENABLE_OBJC_WEAK = YES;
				CLANG_WARN_BLOCK_CAPTURE_AUTORELEASING = YES;
				CLANG_WARN_BOOL_CONVERSION = YES;
				CLANG_WARN_COMMA = YES;
				CLANG_WARN_CONSTANT_CONVERSION = YES;
				CLANG_WARN_DEPRECATED_OBJC_IMPLEMENTATIONS = YES;
				CLANG_WARN_DIRECT_OBJC_ISA_USAGE = YES_ERROR;
				CLANG_WARN_DOCUMENTATION_COMMENTS = YES;
				CLANG_WARN_EMPTY_BODY = YES;
				CLANG_WARN_ENUM_CONVERSION = YES;
				CLANG_WARN_INFINITE_RECURSION = YES;
				CLANG_WARN_INT_CONVERSION = YES;
				CLANG_WARN_NON_LITERAL_NULL_CONVERSION = YES;
				CLANG_WARN_OBJC_IMPLICIT_RETAIN_SELF = YES;
				CLANG_WARN_OBJC_LITERAL_CONVERSION = YES;
				CLANG_WARN_OBJC_ROOT_CLASS = YES_ERROR;
				CLANG_WARN_QUOTED_INCLUDE_IN_FRAMEWORK_HEADER = YES;
				CLANG_WARN_RANGE_LOOP_ANALYSIS = YES;
				CLANG_WARN_STRICT_PROTOTYPES = YES;
				CLANG_WARN_SUSPICIOUS_MOVE = YES;
				CLANG_WARN_UNGUARDED_AVAILABILITY = YES_AGGRESSIVE;
				CLANG_WARN_UNREACHABLE_CODE = YES;
				CLANG_WARN__DUPLICATE_METHOD_MATCH = YES;
				COPY_PHASE_STRIP = NO;
				DEBUG_INFORMATION_FORMAT = dwarf;
				ENABLE_STRICT_OBJC_MSGSEND = YES;
				ENABLE_TESTABILITY = YES;
				GCC_C_LANGUAGE_STANDARD = gnu11;
				GCC_DYNAMIC_NO_PIC = NO;
				GCC_NO_COMMON_BLOCKS = YES;
				GCC_OPTIMIZATION_LEVEL = 0;
				GCC_PREPROCESSOR_DEFINITIONS = (
					"DEBUG=1",
					"$(inherited)",
				);
				GCC_WARN_64_TO_32_BIT_CONVERSION = YES;
				GCC_WARN_ABOUT_RETURN_TYPE = YES_ERROR;
				GCC_WARN_UNDECLARED_SELECTOR = YES;
				GCC_WARN_UNINITIALIZED_AUTOS = YES_AGGRESSIVE;
				GCC_WARN_UNUSED_FUNCTION = YES;
				GCC_WARN_UNUSED_VARIABLE = YES;
				IPHONEOS_DEPLOYMENT_TARGET = 16.2;
				MTL_ENABLE_DEBUG_INFO = INCLUDE_SOURCE;
				MTL_FAST_MATH = YES;
				ONLY_ACTIVE_ARCH = YES;
				SDKROOT = iphoneos;
				SWIFT_ACTIVE_COMPILATION_CONDITIONS = DEBUG;
				SWIFT_OPTIMIZATION_LEVEL = "-Onone";
			};
			name = Debug;
		};
		2DFEA6A82AC85A3200AE40C4 /* Release */ = {
			isa = XCBuildConfiguration;
			buildSettings = {
				ALWAYS_SEARCH_USER_PATHS = NO;
				CLANG_ANALYZER_NONNULL = YES;
				CLANG_ANALYZER_NUMBER_OBJECT_CONVERSION = YES_AGGRESSIVE;
				CLANG_CXX_LANGUAGE_STANDARD = "gnu++20";
				CLANG_ENABLE_MODULES = YES;
				CLANG_ENABLE_OBJC_ARC = YES;
				CLANG_ENABLE_OBJC_WEAK = YES;
				CLANG_WARN_BLOCK_CAPTURE_AUTORELEASING = YES;
				CLANG_WARN_BOOL_CONVERSION = YES;
				CLANG_WARN_COMMA = YES;
				CLANG_WARN_CONSTANT_CONVERSION = YES;
				CLANG_WARN_DEPRECATED_OBJC_IMPLEMENTATIONS = YES;
				CLANG_WARN_DIRECT_OBJC_ISA_USAGE = YES_ERROR;
				CLANG_WARN_DOCUMENTATION_COMMENTS = YES;
				CLANG_WARN_EMPTY_BODY = YES;
				CLANG_WARN_ENUM_CONVERSION = YES;
				CLANG_WARN_INFINITE_RECURSION = YES;
				CLANG_WARN_INT_CONVERSION = YES;
				CLANG_WARN_NON_LITERAL_NULL_CONVERSION = YES;
				CLANG_WARN_OBJC_IMPLICIT_RETAIN_SELF = YES;
				CLANG_WARN_OBJC_LITERAL_CONVERSION = YES;
				CLANG_WARN_OBJC_ROOT_CLASS = YES_ERROR;
				CLANG_WARN_QUOTED_INCLUDE_IN_FRAMEWORK_HEADER = YES;
				CLANG_WARN_RANGE_LOOP_ANALYSIS = YES;
				CLANG_WARN_STRICT_PROTOTYPES = YES;
				CLANG_WARN_SUSPICIOUS_MOVE = YES;
				CLANG_WARN_UNGUARDED_AVAILABILITY = YES_AGGRESSIVE;
				CLANG_WARN_UNREACHABLE_CODE = YES;
				CLANG_WARN__DUPLICATE_METHOD_MATCH = YES;
				COPY_PHASE_STRIP = NO;
				DEBUG_INFORMATION_FORMAT = "dwarf-with-dsym";
				ENABLE_NS_ASSERTIONS = NO;
				ENABLE_STRICT_OBJC_MSGSEND = YES;
				GCC_C_LANGUAGE_STANDARD = gnu11;
				GCC_NO_COMMON_BLOCKS = YES;
				GCC_WARN_64_TO_32_BIT_CONVERSION = YES;
				GCC_WARN_ABOUT_RETURN_TYPE = YES_ERROR;
				GCC_WARN_UNDECLARED_SELECTOR = YES;
				GCC_WARN_UNINITIALIZED_AUTOS = YES_AGGRESSIVE;
				GCC_WARN_UNUSED_FUNCTION = YES;
				GCC_WARN_UNUSED_VARIABLE = YES;
				IPHONEOS_DEPLOYMENT_TARGET = 16.2;
				MTL_ENABLE_DEBUG_INFO = NO;
				MTL_FAST_MATH = YES;
				SDKROOT = iphoneos;
				SWIFT_COMPILATION_MODE = wholemodule;
				SWIFT_OPTIMIZATION_LEVEL = "-O";
				VALIDATE_PRODUCT = YES;
			};
			name = Release;
		};
		2DFEA6AA2AC85A3200AE40C4 /* Debug */ = {
			isa = XCBuildConfiguration;
			buildSettings = {
				ASSETCATALOG_COMPILER_APPICON_NAME = AppIcon;
				ASSETCATALOG_COMPILER_GLOBAL_ACCENT_COLOR_NAME = AccentColor;
				CODE_SIGN_STYLE = Automatic;
				CURRENT_PROJECT_VERSION = 1;
				GENERATE_INFOPLIST_FILE = YES;
				INFOPLIST_FILE = Lab_04/Info.plist;
				INFOPLIST_KEY_UIApplicationSupportsIndirectInputEvents = YES;
				INFOPLIST_KEY_UILaunchStoryboardName = LaunchScreen;
				INFOPLIST_KEY_UIMainStoryboardFile = Main;
				INFOPLIST_KEY_UISupportedInterfaceOrientations = UIInterfaceOrientationPortrait;
				LD_RUNPATH_SEARCH_PATHS = (
					"$(inherited)",
					"@executable_path/Frameworks",
				);
				MARKETING_VERSION = 1.0;
				PRODUCT_BUNDLE_IDENTIFIER = "Shanshihan-B.Lab-04";
				PRODUCT_NAME = "$(TARGET_NAME)";
				SWIFT_EMIT_LOC_STRINGS = YES;
				SWIFT_VERSION = 5.0;
				TARGETED_DEVICE_FAMILY = "1,2";
			};
			name = Debug;
		};
		2DFEA6AB2AC85A3200AE40C4 /* Release */ = {
			isa = XCBuildConfiguration;
			buildSettings = {
				ASSETCATALOG_COMPILER_APPICON_NAME = AppIcon;
				ASSETCATALOG_COMPILER_GLOBAL_ACCENT_COLOR_NAME = AccentColor;
				CODE_SIGN_STYLE = Automatic;
				CURRENT_PROJECT_VERSION = 1;
				GENERATE_INFOPLIST_FILE = YES;
				INFOPLIST_FILE = Lab_04/Info.plist;
				INFOPLIST_KEY_UIApplicationSupportsIndirectInputEvents = YES;
				INFOPLIST_KEY_UILaunchStoryboardName = LaunchScreen;
				INFOPLIST_KEY_UIMainStoryboardFile = Main;
				INFOPLIST_KEY_UISupportedInterfaceOrientations = UIInterfaceOrientationPortrait;
				LD_RUNPATH_SEARCH_PATHS = (
					"$(inherited)",
					"@executable_path/Frameworks",
				);
				MARKETING_VERSION = 1.0;
				PRODUCT_BUNDLE_IDENTIFIER = "Shanshihan-B.Lab-04";
				PRODUCT_NAME = "$(TARGET_NAME)";
				SWIFT_EMIT_LOC_STRINGS = YES;
				SWIFT_VERSION = 5.0;
				TARGETED_DEVICE_FAMILY = "1,2";
			};
			name = Release;
		};
		2DFEA6AD2AC85A3200AE40C4 /* Debug */ = {
			isa = XCBuildConfiguration;
			buildSettings = {
				ALWAYS_EMBED_SWIFT_STANDARD_LIBRARIES = YES;
				BUNDLE_LOADER = "$(TEST_HOST)";
				CODE_SIGN_STYLE = Automatic;
				CURRENT_PROJECT_VERSION = 1;
				GENERATE_INFOPLIST_FILE = YES;
				IPHONEOS_DEPLOYMENT_TARGET = 16.2;
				MARKETING_VERSION = 1.0;
				PRODUCT_BUNDLE_IDENTIFIER = "Shanshihan-B.Lab-04Tests";
				PRODUCT_NAME = "$(TARGET_NAME)";
				SWIFT_EMIT_LOC_STRINGS = NO;
				SWIFT_VERSION = 5.0;
				TARGETED_DEVICE_FAMILY = "1,2";
				TEST_HOST = "$(BUILT_PRODUCTS_DIR)/Lab_04.app/$(BUNDLE_EXECUTABLE_FOLDER_PATH)/Lab_04";
			};
			name = Debug;
		};
		2DFEA6AE2AC85A3200AE40C4 /* Release */ = {
			isa = XCBuildConfiguration;
			buildSettings = {
				ALWAYS_EMBED_SWIFT_STANDARD_LIBRARIES = YES;
				BUNDLE_LOADER = "$(TEST_HOST)";
				CODE_SIGN_STYLE = Automatic;
				CURRENT_PROJECT_VERSION = 1;
				GENERATE_INFOPLIST_FILE = YES;
				IPHONEOS_DEPLOYMENT_TARGET = 16.2;
				MARKETING_VERSION = 1.0;
				PRODUCT_BUNDLE_IDENTIFIER = "Shanshihan-B.Lab-04Tests";
				PRODUCT_NAME = "$(TARGET_NAME)";
				SWIFT_EMIT_LOC_STRINGS = NO;
				SWIFT_VERSION = 5.0;
				TARGETED_DEVICE_FAMILY = "1,2";
				TEST_HOST = "$(BUILT_PRODUCTS_DIR)/Lab_04.app/$(BUNDLE_EXECUTABLE_FOLDER_PATH)/Lab_04";
			};
			name = Release;
		};
		2DFEA6B02AC85A3200AE40C4 /* Debug */ = {
			isa = XCBuildConfiguration;
			buildSettings = {
				ALWAYS_EMBED_SWIFT_STANDARD_LIBRARIES = YES;
				CODE_SIGN_STYLE = Automatic;
				CURRENT_PROJECT_VERSION = 1;
				GENERATE_INFOPLIST_FILE = YES;
				MARKETING_VERSION = 1.0;
				PRODUCT_BUNDLE_IDENTIFIER = "Shanshihan-B.Lab-04UITests";
				PRODUCT_NAME = "$(TARGET_NAME)";
				SWIFT_EMIT_LOC_STRINGS = NO;
				SWIFT_VERSION = 5.0;
				TARGETED_DEVICE_FAMILY = "1,2";
				TEST_TARGET_NAME = Lab_04;
			};
			name = Debug;
		};
		2DFEA6B12AC85A3200AE40C4 /* Release */ = {
			isa = XCBuildConfiguration;
			buildSettings = {
				ALWAYS_EMBED_SWIFT_STANDARD_LIBRARIES = YES;
				CODE_SIGN_STYLE = Automatic;
				CURRENT_PROJECT_VERSION = 1;
				GENERATE_INFOPLIST_FILE = YES;
				MARKETING_VERSION = 1.0;
				PRODUCT_BUNDLE_IDENTIFIER = "Shanshihan-B.Lab-04UITests";
				PRODUCT_NAME = "$(TARGET_NAME)";
				SWIFT_EMIT_LOC_STRINGS = NO;
				SWIFT_VERSION = 5.0;
				TARGETED_DEVICE_FAMILY = "1,2";
				TEST_TARGET_NAME = Lab_04;
			};
			name = Release;
		};
/* End XCBuildConfiguration section */

/* Begin XCConfigurationList section */
		2DFEA67A2AC85A2D00AE40C4 /* Build configuration list for PBXProject "Lab_04" */ = {
			isa = XCConfigurationList;
			buildConfigurations = (
				2DFEA6A72AC85A3200AE40C4 /* Debug */,
				2DFEA6A82AC85A3200AE40C4 /* Release */,
			);
			defaultConfigurationIsVisible = 0;
			defaultConfigurationName = Release;
		};
		2DFEA6A92AC85A3200AE40C4 /* Build configuration list for PBXNativeTarget "Lab_04" */ = {
			isa = XCConfigurationList;
			buildConfigurations = (
				2DFEA6AA2AC85A3200AE40C4 /* Debug */,
				2DFEA6AB2AC85A3200AE40C4 /* Release */,
			);
			defaultConfigurationIsVisible = 0;
			defaultConfigurationName = Release;
		};
		2DFEA6AC2AC85A3200AE40C4 /* Build configuration list for PBXNativeTarget "Lab_04Tests" */ = {
			isa = XCConfigurationList;
			buildConfigurations = (
				2DFEA6AD2AC85A3200AE40C4 /* Debug */,
				2DFEA6AE2AC85A3200AE40C4 /* Release */,
			);
			defaultConfigurationIsVisible = 0;
			defaultConfigurationName = Release;
		};
		2DFEA6AF2AC85A3200AE40C4 /* Build configuration list for PBXNativeTarget "Lab_04UITests" */ = {
			isa = XCConfigurationList;
			buildConfigurations = (
				2DFEA6B02AC85A3200AE40C4 /* Debug */,
				2DFEA6B12AC85A3200AE40C4 /* Release */,
			);
			defaultConfigurationIsVisible = 0;
			defaultConfigurationName = Release;
		};
/* End XCConfigurationList section */
	};
	rootObject = 2DFEA6772AC85A2D00AE40C4 /* Project object */;
}
